
Microsoft Visual Studio Solution File, Format Version 12.00
# Visual Studio Version 17
VisualStudioVersion = 17.7.34202.233
MinimumVisualStudioVersion = 10.0.40219.1
Project("{2150E333-8FDC-42A3-9474-1A3956D46DE8}") = "SystemBox.Web.API", "SystemBox.Web.API", "{95523414-275B-4BAA-946E-C0F2E84312D0}"
EndProject
Project("{2150E333-8FDC-42A3-9474-1A3956D46DE8}") = "SystemBox.Application", "SystemBox.Application", "{0684FBFA-64C0-48E9-A8F5-43AB6C207F63}"
EndProject
Project("{2150E333-8FDC-42A3-9474-1A3956D46DE8}") = "Application", "Application", "{D193D0C1-CB2D-4C74-B134-334A98D3CE38}"
EndProject
Project("{2150E333-8FDC-42A3-9474-1A3956D46DE8}") = "Domain", "Domain", "{6984EB0F-F84D-4E6A-9B67-96F627665630}"
EndProject
Project("{2150E333-8FDC-42A3-9474-1A3956D46DE8}") = "Data", "Data", "{ECBF83F0-3193-4A10-8CA7-B4C5C2ED9A48}"
EndProject
Project("{2150E333-8FDC-42A3-9474-1A3956D46DE8}") = "Service", "Service", "{DC170C1E-DCB7-4F63-AC38-3B494C62407E}"
EndProject
Project("{2150E333-8FDC-42A3-9474-1A3956D46DE8}") = "Ioc", "Ioc", "{49145565-1107-41FB-9CE7-F0D7A22CC65E}"
EndProject
Project("{FAE04EC0-301F-11D3-BF4B-00C04F79EFBC}") = "SystemBox.Domain", "SystemBox.Web.API\SystemBox.Domain\SystemBox.Domain.csproj", "{76D9109F-6814-48E2-87A3-D183068495AF}"
EndProject
Project("{FAE04EC0-301F-11D3-BF4B-00C04F79EFBC}") = "SystemBox.Data", "SystemBox.Web.API\SystemBox.Data\SystemBox.Data.csproj", "{638F5DC8-80ED-4FAC-8F9C-795EE2B856EF}"
EndProject
Project("{FAE04EC0-301F-11D3-BF4B-00C04F79EFBC}") = "SystemBox.Service", "SystemBox.Web.API\SystemBox.Service\SystemBox.Service.csproj", "{B5D5642C-D508-4E62-934D-310F7D648DD4}"
EndProject
Project("{FAE04EC0-301F-11D3-BF4B-00C04F79EFBC}") = "SystemBox.Ioc", "SystemBox.Web.API\SystemBox.Ioc\SystemBox.Ioc.csproj", "{7ED27020-44C8-4D08-9FE4-E389AE2EBC2C}"
EndProject
Project("{FAE04EC0-301F-11D3-BF4B-00C04F79EFBC}") = "SystemBox.API", "SystemBox.Web.API\SystemBox.API\SystemBox.API.csproj", "{771C51CD-38A1-4E51-9F84-1E3C7F13BF97}"
EndProject
Global
	GlobalSection(SolutionConfigurationPlatforms) = preSolution
		Debug|Any CPU = Debug|Any CPU
		Release|Any CPU = Release|Any CPU
	EndGlobalSection
	GlobalSection(ProjectConfigurationPlatforms) = postSolution
		{76D9109F-6814-48E2-87A3-D183068495AF}.Debug|Any CPU.ActiveCfg = Debug|Any CPU
		{76D9109F-6814-48E2-87A3-D183068495AF}.Debug|Any CPU.Build.0 = Debug|Any CPU
		{76D9109F-6814-48E2-87A3-D183068495AF}.Release|Any CPU.ActiveCfg = Release|Any CPU
		{76D9109F-6814-48E2-87A3-D183068495AF}.Release|Any CPU.Build.0 = Release|Any CPU
		{638F5DC8-80ED-4FAC-8F9C-795EE2B856EF}.Debug|Any CPU.ActiveCfg = Debug|Any CPU
		{638F5DC8-80ED-4FAC-8F9C-795EE2B856EF}.Debug|Any CPU.Build.0 = Debug|Any CPU
		{638F5DC8-80ED-4FAC-8F9C-795EE2B856EF}.Release|Any CPU.ActiveCfg = Release|Any CPU
		{638F5DC8-80ED-4FAC-8F9C-795EE2B856EF}.Release|Any CPU.Build.0 = Release|Any CPU
		{B5D5642C-D508-4E62-934D-310F7D648DD4}.Debug|Any CPU.ActiveCfg = Debug|Any CPU
		{B5D5642C-D508-4E62-934D-310F7D648DD4}.Debug|Any CPU.Build.0 = Debug|Any CPU
		{B5D5642C-D508-4E62-934D-310F7D648DD4}.Release|Any CPU.ActiveCfg = Release|Any CPU
		{B5D5642C-D508-4E62-934D-310F7D648DD4}.Release|Any CPU.Build.0 = Release|Any CPU
		{7ED27020-44C8-4D08-9FE4-E389AE2EBC2C}.Debug|Any CPU.ActiveCfg = Debug|Any CPU
		{7ED27020-44C8-4D08-9FE4-E389AE2EBC2C}.Debug|Any CPU.Build.0 = Debug|Any CPU
		{7ED27020-44C8-4D08-9FE4-E389AE2EBC2C}.Release|Any CPU.ActiveCfg = Release|Any CPU
		{7ED27020-44C8-4D08-9FE4-E389AE2EBC2C}.Release|Any CPU.Build.0 = Release|Any CPU
		{771C51CD-38A1-4E51-9F84-1E3C7F13BF97}.Debug|Any CPU.ActiveCfg = Debug|Any CPU
		{771C51CD-38A1-4E51-9F84-1E3C7F13BF97}.Debug|Any CPU.Build.0 = Debug|Any CPU
		{771C51CD-38A1-4E51-9F84-1E3C7F13BF97}.Release|Any CPU.ActiveCfg = Release|Any CPU
		{771C51CD-38A1-4E51-9F84-1E3C7F13BF97}.Release|Any CPU.Build.0 = Release|Any CPU
	EndGlobalSection
	GlobalSection(SolutionProperties) = preSolution
		HideSolutionNode = FALSE
	EndGlobalSection
	GlobalSection(NestedProjects) = preSolution
		{D193D0C1-CB2D-4C74-B134-334A98D3CE38} = {95523414-275B-4BAA-946E-C0F2E84312D0}
		{6984EB0F-F84D-4E6A-9B67-96F627665630} = {95523414-275B-4BAA-946E-C0F2E84312D0}
		{ECBF83F0-3193-4A10-8CA7-B4C5C2ED9A48} = {95523414-275B-4BAA-946E-C0F2E84312D0}
		{DC170C1E-DCB7-4F63-AC38-3B494C62407E} = {95523414-275B-4BAA-946E-C0F2E84312D0}
		{49145565-1107-41FB-9CE7-F0D7A22CC65E} = {95523414-275B-4BAA-946E-C0F2E84312D0}
		{76D9109F-6814-48E2-87A3-D183068495AF} = {6984EB0F-F84D-4E6A-9B67-96F627665630}
		{638F5DC8-80ED-4FAC-8F9C-795EE2B856EF} = {ECBF83F0-3193-4A10-8CA7-B4C5C2ED9A48}
		{B5D5642C-D508-4E62-934D-310F7D648DD4} = {DC170C1E-DCB7-4F63-AC38-3B494C62407E}
		{7ED27020-44C8-4D08-9FE4-E389AE2EBC2C} = {49145565-1107-41FB-9CE7-F0D7A22CC65E}
		{771C51CD-38A1-4E51-9F84-1E3C7F13BF97} = {D193D0C1-CB2D-4C74-B134-334A98D3CE38}
	EndGlobalSection
	GlobalSection(ExtensibilityGlobals) = postSolution
		SolutionGuid = {52EA4E74-8D11-488F-99BE-A9FE1F8BD058}
	EndGlobalSection
EndGlobal
